
Microsoft Visual Studio Solution File, Format Version 12.00
# Visual Studio Version 17
VisualStudioVersion = 17.9.34622.214
MinimumVisualStudioVersion = 10.0.40219.1
Project("{FAE04EC0-301F-11D3-BF4B-00C04F79EFBC}") = "swetaConsoleApp1", "swetaConsoleApp1\swetaConsoleApp1.csproj", "{F007A05F-EDCA-498D-ACFE-4C2C29BAAD97}"
EndProject
Global
	GlobalSection(SolutionConfigurationPlatforms) = preSolution
		Debug|Any CPU = Debug|Any CPU
		Release|Any CPU = Release|Any CPU
	EndGlobalSection
	GlobalSection(ProjectConfigurationPlatforms) = postSolution
		{F007A05F-EDCA-498D-ACFE-4C2C29BAAD97}.Debug|Any CPU.ActiveCfg = Debug|Any CPU
		{F007A05F-EDCA-498D-ACFE-4C2C29BAAD97}.Debug|Any CPU.Build.0 = Debug|Any CPU
		{F007A05F-EDCA-498D-ACFE-4C2C29BAAD97}.Release|Any CPU.ActiveCfg = Release|Any CPU
		{F007A05F-EDCA-498D-ACFE-4C2C29BAAD97}.Release|Any CPU.Build.0 = Release|Any CPU
	EndGlobalSection
	GlobalSection(SolutionProperties) = preSolution
		HideSolutionNode = FALSE
	EndGlobalSection
	GlobalSection(ExtensibilityGlobals) = postSolution
		SolutionGuid = {9D2E49A0-45A6-469F-A14D-11E3F1D5A64A}
	EndGlobalSection
EndGlobal
